// !$*UTF8*$!
{
	archiveVersion = 1;
	classes = {
	};
	objectVersion = 46;
	objects = {

/* Begin PBXBuildFile section */
		3193D7E12531AC300091C212 /* Stevia.framework in Frameworks */ = {isa = PBXBuildFile; fileRef = 3193D7DF2531AC300091C212 /* Stevia.framework */; };
		3193D7E22531AC300091C212 /* Stevia.framework in Embed Frameworks */ = {isa = PBXBuildFile; fileRef = 3193D7DF2531AC300091C212 /* Stevia.framework */; settings = {ATTRIBUTES = (CodeSignOnCopy, RemoveHeadersOnCopy, ); }; };
		3193D7E32531AC300091C212 /* PryntTrimmerView.framework in Frameworks */ = {isa = PBXBuildFile; fileRef = 3193D7E02531AC300091C212 /* PryntTrimmerView.framework */; };
		3193D7E42531AC300091C212 /* PryntTrimmerView.framework in Embed Frameworks */ = {isa = PBXBuildFile; fileRef = 3193D7E02531AC300091C212 /* PryntTrimmerView.framework */; settings = {ATTRIBUTES = (CodeSignOnCopy, RemoveHeadersOnCopy, ); }; };
		31CC545C2531A8880071B42D /* AppDelegate.swift in Sources */ = {isa = PBXBuildFile; fileRef = 31CC545B2531A8880071B42D /* AppDelegate.swift */; };
		31CC545E2531A8880071B42D /* SceneDelegate.swift in Sources */ = {isa = PBXBuildFile; fileRef = 31CC545D2531A8880071B42D /* SceneDelegate.swift */; };
		31CC54602531A8880071B42D /* ViewController.swift in Sources */ = {isa = PBXBuildFile; fileRef = 31CC545F2531A8880071B42D /* ViewController.swift */; };
		31CC54632531A8880071B42D /* Main.storyboard in Resources */ = {isa = PBXBuildFile; fileRef = 31CC54612531A8880071B42D /* Main.storyboard */; };
		31CC54652531A88A0071B42D /* Assets.xcassets in Resources */ = {isa = PBXBuildFile; fileRef = 31CC54642531A88A0071B42D /* Assets.xcassets */; };
		31CC54682531A88A0071B42D /* LaunchScreen.storyboard in Resources */ = {isa = PBXBuildFile; fileRef = 31CC54662531A88A0071B42D /* LaunchScreen.storyboard */; };
		31CC546F2531A8E00071B42D /* ExampleViewController.swift in Sources */ = {isa = PBXBuildFile; fileRef = 31CC546E2531A8E00071B42D /* ExampleViewController.swift */; };
		31CC54712531A92E0071B42D /* YPImagePicker.framework in Frameworks */ = {isa = PBXBuildFile; fileRef = 99428A201E7BE04000B765A9 /* YPImagePicker.framework */; };
		31CC54722531A92E0071B42D /* YPImagePicker.framework in Embed Frameworks */ = {isa = PBXBuildFile; fileRef = 99428A201E7BE04000B765A9 /* YPImagePicker.framework */; settings = {ATTRIBUTES = (CodeSignOnCopy, RemoveHeadersOnCopy, ); }; };
/* End PBXBuildFile section */

/* Begin PBXContainerItemProxy section */
		3193D7E62531AD000091C212 /* PBXContainerItemProxy */ = {
			isa = PBXContainerItemProxy;
			containerPortal = 99428A1B1E7BE04000B765A9 /* YPImagePicker.xcodeproj */;
			proxyType = 1;
			remoteGlobalIDString = 52412A921CA6114A0073C4BE;
			remoteInfo = YPImagePicker;
		};
		99428A1F1E7BE04000B765A9 /* PBXContainerItemProxy */ = {
			isa = PBXContainerItemProxy;
			containerPortal = 99428A1B1E7BE04000B765A9 /* YPImagePicker.xcodeproj */;
			proxyType = 2;
			remoteGlobalIDString = 52412A931CA6114A0073C4BE;
			remoteInfo = YPImagePicker;
		};
/* End PBXContainerItemProxy section */

/* Begin PBXCopyFilesBuildPhase section */
		31CC54732531A92E0071B42D /* Embed Frameworks */ = {
			isa = PBXCopyFilesBuildPhase;
			buildActionMask = 2147483647;
			dstPath = "";
			dstSubfolderSpec = 10;
			files = (
				3193D7E42531AC300091C212 /* PryntTrimmerView.framework in Embed Frameworks */,
				3193D7E22531AC300091C212 /* Stevia.framework in Embed Frameworks */,
				31CC54722531A92E0071B42D /* YPImagePicker.framework in Embed Frameworks */,
			);
			name = "Embed Frameworks";
			runOnlyForDeploymentPostprocessing = 0;
		};
/* End PBXCopyFilesBuildPhase section */

/* Begin PBXFileReference section */
		3193D7DF2531AC300091C212 /* Stevia.framework */ = {isa = PBXFileReference; lastKnownFileType = wrapper.framework; name = Stevia.framework; path = ../Carthage/Build/iOS/Stevia.framework; sourceTree = "<group>"; };
		3193D7E02531AC300091C212 /* PryntTrimmerView.framework */ = {isa = PBXFileReference; lastKnownFileType = wrapper.framework; name = PryntTrimmerView.framework; path = ../Carthage/Build/iOS/PryntTrimmerView.framework; sourceTree = "<group>"; };
		31CC54592531A8880071B42D /* YPImagePickerExample.app */ = {isa = PBXFileReference; explicitFileType = wrapper.application; includeInIndex = 0; path = YPImagePickerExample.app; sourceTree = BUILT_PRODUCTS_DIR; };
		31CC545B2531A8880071B42D /* AppDelegate.swift */ = {isa = PBXFileReference; lastKnownFileType = sourcecode.swift; path = AppDelegate.swift; sourceTree = "<group>"; };
		31CC545D2531A8880071B42D /* SceneDelegate.swift */ = {isa = PBXFileReference; lastKnownFileType = sourcecode.swift; path = SceneDelegate.swift; sourceTree = "<group>"; };
		31CC545F2531A8880071B42D /* ViewController.swift */ = {isa = PBXFileReference; lastKnownFileType = sourcecode.swift; path = ViewController.swift; sourceTree = "<group>"; };
		31CC54622531A8880071B42D /* Base */ = {isa = PBXFileReference; lastKnownFileType = file.storyboard; name = Base; path = Base.lproj/Main.storyboard; sourceTree = "<group>"; };
		31CC54642531A88A0071B42D /* Assets.xcassets */ = {isa = PBXFileReference; lastKnownFileType = folder.assetcatalog; path = Assets.xcassets; sourceTree = "<group>"; };
		31CC54672531A88A0071B42D /* Base */ = {isa = PBXFileReference; lastKnownFileType = file.storyboard; name = Base; path = Base.lproj/LaunchScreen.storyboard; sourceTree = "<group>"; };
		31CC54692531A88A0071B42D /* Info.plist */ = {isa = PBXFileReference; lastKnownFileType = text.plist.xml; path = Info.plist; sourceTree = "<group>"; };
		31CC546E2531A8E00071B42D /* ExampleViewController.swift */ = {isa = PBXFileReference; lastKnownFileType = sourcecode.swift; path = ExampleViewController.swift; sourceTree = "<group>"; };
		99428A1B1E7BE04000B765A9 /* YPImagePicker.xcodeproj */ = {isa = PBXFileReference; lastKnownFileType = "wrapper.pb-project"; name = YPImagePicker.xcodeproj; path = ../YPImagePicker.xcodeproj; sourceTree = "<group>"; };
/* End PBXFileReference section */

/* Begin PBXFrameworksBuildPhase section */
		31CC54562531A8880071B42D /* Frameworks */ = {
			isa = PBXFrameworksBuildPhase;
			buildActionMask = 2147483647;
			files = (
				3193D7E32531AC300091C212 /* PryntTrimmerView.framework in Frameworks */,
				3193D7E12531AC300091C212 /* Stevia.framework in Frameworks */,
				31CC54712531A92E0071B42D /* YPImagePicker.framework in Frameworks */,
			);
			runOnlyForDeploymentPostprocessing = 0;
		};
/* End PBXFrameworksBuildPhase section */

/* Begin PBXGroup section */
		31CC545A2531A8880071B42D /* YPImagePickerExample */ = {
			isa = PBXGroup;
			children = (
				31CC545B2531A8880071B42D /* AppDelegate.swift */,
				31CC545D2531A8880071B42D /* SceneDelegate.swift */,
				31CC545F2531A8880071B42D /* ViewController.swift */,
				31CC546E2531A8E00071B42D /* ExampleViewController.swift */,
				31CC54612531A8880071B42D /* Main.storyboard */,
				31CC54642531A88A0071B42D /* Assets.xcassets */,
				31CC54662531A88A0071B42D /* LaunchScreen.storyboard */,
				31CC54692531A88A0071B42D /* Info.plist */,
			);
			path = YPImagePickerExample;
			sourceTree = "<group>";
		};
		994289FD1E7BE02400B765A9 = {
			isa = PBXGroup;
			children = (
				99428A1B1E7BE04000B765A9 /* YPImagePicker.xcodeproj */,
				31CC545A2531A8880071B42D /* YPImagePickerExample */,
				99428A071E7BE02400B765A9 /* Products */,
				99428A231E7BE17800B765A9 /* Frameworks */,
			);
			sourceTree = "<group>";
		};
		99428A071E7BE02400B765A9 /* Products */ = {
			isa = PBXGroup;
			children = (
				31CC54592531A8880071B42D /* YPImagePickerExample.app */,
			);
			name = Products;
			sourceTree = "<group>";
		};
		99428A1C1E7BE04000B765A9 /* Products */ = {
			isa = PBXGroup;
			children = (
				99428A201E7BE04000B765A9 /* YPImagePicker.framework */,
			);
			name = Products;
			sourceTree = "<group>";
		};
		99428A231E7BE17800B765A9 /* Frameworks */ = {
			isa = PBXGroup;
			children = (
				3193D7E02531AC300091C212 /* PryntTrimmerView.framework */,
				3193D7DF2531AC300091C212 /* Stevia.framework */,
			);
			name = Frameworks;
			sourceTree = "<group>";
		};
/* End PBXGroup section */

/* Begin PBXNativeTarget section */
		31CC54582531A8880071B42D /* YPImagePickerExample */ = {
			isa = PBXNativeTarget;
			buildConfigurationList = 31CC546A2531A88A0071B42D /* Build configuration list for PBXNativeTarget "YPImagePickerExample" */;
			buildPhases = (
				31CC54552531A8880071B42D /* Sources */,
				31CC54562531A8880071B42D /* Frameworks */,
				31CC54572531A8880071B42D /* Resources */,
				31CC54732531A92E0071B42D /* Embed Frameworks */,
			);
			buildRules = (
			);
			dependencies = (
				3193D7E72531AD000091C212 /* PBXTargetDependency */,
			);
			name = YPImagePickerExample;
			productName = YPImagePickerExample;
			productReference = 31CC54592531A8880071B42D /* YPImagePickerExample.app */;
			productType = "com.apple.product-type.application";
		};
/* End PBXNativeTarget section */

/* Begin PBXProject section */
		994289FE1E7BE02400B765A9 /* Project object */ = {
			isa = PBXProject;
			attributes = {
				LastSwiftUpdateCheck = 1160;
				LastUpgradeCheck = 0930;
				ORGANIZATIONNAME = Octopepper;
				TargetAttributes = {
					31CC54582531A8880071B42D = {
						CreatedOnToolsVersion = 11.6;
						DevelopmentTeam = K7PT8BFN3J;
						ProvisioningStyle = Automatic;
					};
				};
			};
			buildConfigurationList = 99428A011E7BE02400B765A9 /* Build configuration list for PBXProject "YPImagePickerExample" */;
			compatibilityVersion = "Xcode 3.2";
			developmentRegion = en;
			hasScannedForEncodings = 0;
			knownRegions = (
				en,
				Base,
			);
			mainGroup = 994289FD1E7BE02400B765A9;
			productRefGroup = 99428A071E7BE02400B765A9 /* Products */;
			projectDirPath = "";
			projectReferences = (
				{
					ProductGroup = 99428A1C1E7BE04000B765A9 /* Products */;
					ProjectRef = 99428A1B1E7BE04000B765A9 /* YPImagePicker.xcodeproj */;
				},
			);
			projectRoot = "";
			targets = (
				31CC54582531A8880071B42D /* YPImagePickerExample */,
			);
		};
/* End PBXProject section */

/* Begin PBXReferenceProxy section */
		99428A201E7BE04000B765A9 /* YPImagePicker.framework */ = {
			isa = PBXReferenceProxy;
			fileType = wrapper.framework;
			path = YPImagePicker.framework;
			remoteRef = 99428A1F1E7BE04000B765A9 /* PBXContainerItemProxy */;
			sourceTree = BUILT_PRODUCTS_DIR;
		};
/* End PBXReferenceProxy section */

/* Begin PBXResourcesBuildPhase section */
		31CC54572531A8880071B42D /* Resources */ = {
			isa = PBXResourcesBuildPhase;
			buildActionMask = 2147483647;
			files = (
				31CC54682531A88A0071B42D /* LaunchScreen.storyboard in Resources */,
				31CC54652531A88A0071B42D /* Assets.xcassets in Resources */,
				31CC54632531A8880071B42D /* Main.storyboard in Resources */,
			);
			runOnlyForDeploymentPostprocessing = 0;
		};
/* End PBXResourcesBuildPhase section */

/* Begin PBXSourcesBuildPhase section */
		31CC54552531A8880071B42D /* Sources */ = {
			isa = PBXSourcesBuildPhase;
			buildActionMask = 2147483647;
			files = (
				31CC54602531A8880071B42D /* ViewController.swift in Sources */,
				31CC546F2531A8E00071B42D /* ExampleViewController.swift in Sources */,
				31CC545C2531A8880071B42D /* AppDelegate.swift in Sources */,
				31CC545E2531A8880071B42D /* SceneDelegate.swift in Sources */,
			);
			runOnlyForDeploymentPostprocessing = 0;
		};
/* End PBXSourcesBuildPhase section */

/* Begin PBXTargetDependency section */
		3193D7E72531AD000091C212 /* PBXTargetDependency */ = {
			isa = PBXTargetDependency;
			name = YPImagePicker;
			targetProxy = 3193D7E62531AD000091C212 /* PBXContainerItemProxy */;
		};
/* End PBXTargetDependency section */

/* Begin PBXVariantGroup section */
		31CC54612531A8880071B42D /* Main.storyboard */ = {
			isa = PBXVariantGroup;
			children = (
				31CC54622531A8880071B42D /* Base */,
			);
			name = Main.storyboard;
			sourceTree = "<group>";
		};
		31CC54662531A88A0071B42D /* LaunchScreen.storyboard */ = {
			isa = PBXVariantGroup;
			children = (
				31CC54672531A88A0071B42D /* Base */,
			);
			name = LaunchScreen.storyboard;
			sourceTree = "<group>";
		};
/* End PBXVariantGroup section */

/* Begin XCBuildConfiguration section */
		31CC546B2531A88A0071B42D /* Debug */ = {
			isa = XCBuildConfiguration;
			buildSettings = {
				ALWAYS_EMBED_SWIFT_STANDARD_LIBRARIES = NO;
				ASSETCATALOG_COMPILER_APPICON_NAME = AppIcon;
				CLANG_ANALYZER_NUMBER_OBJECT_CONVERSION = YES_AGGRESSIVE;
				CLANG_CXX_LANGUAGE_STANDARD = "gnu++14";
				CLANG_ENABLE_OBJC_WEAK = YES;
				CLANG_WARN_UNGUARDED_AVAILABILITY = YES_AGGRESSIVE;
				CODE_SIGN_STYLE = Automatic;
				DEVELOPMENT_TEAM = K7PT8BFN3J;
				FRAMEWORK_SEARCH_PATHS = "$(PROJECT_DIR)/../Carthage/Build/iOS";
				GCC_C_LANGUAGE_STANDARD = gnu11;
				INFOPLIST_FILE = YPImagePickerExample/Info.plist;
				IPHONEOS_DEPLOYMENT_TARGET = 13.6;
				LD_RUNPATH_SEARCH_PATHS = "$(inherited) @executable_path/Frameworks";
				MTL_ENABLE_DEBUG_INFO = INCLUDE_SOURCE;
				MTL_FAST_MATH = YES;
				PRODUCT_BUNDLE_IDENTIFIER = com.purkylin.YPImagePickerExample;
				PRODUCT_NAME = "$(TARGET_NAME)";
				SWIFT_VERSION = 5.0;
				TARGETED_DEVICE_FAMILY = "1,2";
			};
			name = Debug;
		};
		31CC546C2531A88A0071B42D /* Release */ = {
			isa = XCBuildConfiguration;
			buildSettings = {
				ALWAYS_EMBED_SWIFT_STANDARD_LIBRARIES = NO;
				ASSETCATALOG_COMPILER_APPICON_NAME = AppIcon;
				CLANG_ANALYZER_NUMBER_OBJECT_CONVERSION = YES_AGGRESSIVE;
				CLANG_CXX_LANGUAGE_STANDARD = "gnu++14";
				CLANG_ENABLE_OBJC_WEAK = YES;
				CLANG_WARN_UNGUARDED_AVAILABILITY = YES_AGGRESSIVE;
				CODE_SIGN_STYLE = Automatic;
				DEVELOPMENT_TEAM = K7PT8BFN3J;
				FRAMEWORK_SEARCH_PATHS = "$(PROJECT_DIR)/../Carthage/Build/iOS";
				GCC_C_LANGUAGE_STANDARD = gnu11;
				INFOPLIST_FILE = YPImagePickerExample/Info.plist;
				IPHONEOS_DEPLOYMENT_TARGET = 13.6;
				LD_RUNPATH_SEARCH_PATHS = "$(inherited) @executable_path/Frameworks";
				MTL_FAST_MATH = YES;
				PRODUCT_BUNDLE_IDENTIFIER = com.purkylin.YPImagePickerExample;
				PRODUCT_NAME = "$(TARGET_NAME)";
				SWIFT_VERSION = 5.0;
				TARGETED_DEVICE_FAMILY = "1,2";
			};
			name = Release;
		};
		99428A161E7BE02400B765A9 /* Debug */ = {
			isa = XCBuildConfiguration;
			buildSettings = {
				ALWAYS_SEARCH_USER_PATHS = NO;
				CLANG_ANALYZER_LOCALIZABILITY_NONLOCALIZED = YES;
				CLANG_ANALYZER_NONNULL = YES;
				CLANG_CXX_LANGUAGE_STANDARD = "gnu++0x";
				CLANG_CXX_LIBRARY = "libc++";
				CLANG_ENABLE_MODULES = YES;
				CLANG_ENABLE_OBJC_ARC = YES;
				CLANG_WARN_BLOCK_CAPTURE_AUTORELEASING = YES;
				CLANG_WARN_BOOL_CONVERSION = YES;
				CLANG_WARN_COMMA = YES;
				CLANG_WARN_CONSTANT_CONVERSION = YES;
				CLANG_WARN_DEPRECATED_OBJC_IMPLEMENTATIONS = YES;
				CLANG_WARN_DIRECT_OBJC_ISA_USAGE = YES_ERROR;
				CLANG_WARN_DOCUMENTATION_COMMENTS = YES;
				CLANG_WARN_EMPTY_BODY = YES;
				CLANG_WARN_ENUM_CONVERSION = YES;
				CLANG_WARN_INFINITE_RECURSION = YES;
				CLANG_WARN_INT_CONVERSION = YES;
				CLANG_WARN_NON_LITERAL_NULL_CONVERSION = YES;
				CLANG_WARN_OBJC_IMPLICIT_RETAIN_SELF = YES;
				CLANG_WARN_OBJC_LITERAL_CONVERSION = YES;
				CLANG_WARN_OBJC_ROOT_CLASS = YES_ERROR;
				CLANG_WARN_RANGE_LOOP_ANALYSIS = YES;
				CLANG_WARN_STRICT_PROTOTYPES = YES;
				CLANG_WARN_SUSPICIOUS_MOVE = YES;
				CLANG_WARN_UNREACHABLE_CODE = YES;
				CLANG_WARN__DUPLICATE_METHOD_MATCH = YES;
				"CODE_SIGN_IDENTITY[sdk=iphoneos*]" = "iPhone Developer";
				COPY_PHASE_STRIP = NO;
				DEBUG_INFORMATION_FORMAT = dwarf;
				ENABLE_STRICT_OBJC_MSGSEND = YES;
				ENABLE_TESTABILITY = YES;
				GCC_C_LANGUAGE_STANDARD = gnu99;
				GCC_DYNAMIC_NO_PIC = NO;
				GCC_NO_COMMON_BLOCKS = YES;
				GCC_OPTIMIZATION_LEVEL = 0;
				GCC_PREPROCESSOR_DEFINITIONS = (
					"DEBUG=1",
					"$(inherited)",
				);
				GCC_WARN_64_TO_32_BIT_CONVERSION = YES;
				GCC_WARN_ABOUT_RETURN_TYPE = YES_ERROR;
				GCC_WARN_UNDECLARED_SELECTOR = YES;
				GCC_WARN_UNINITIALIZED_AUTOS = YES_AGGRESSIVE;
				GCC_WARN_UNUSED_FUNCTION = YES;
				GCC_WARN_UNUSED_VARIABLE = YES;
				IPHONEOS_DEPLOYMENT_TARGET = 10.2;
				MTL_ENABLE_DEBUG_INFO = YES;
				ONLY_ACTIVE_ARCH = YES;
				SDKROOT = iphoneos;
				SWIFT_ACTIVE_COMPILATION_CONDITIONS = DEBUG;
				SWIFT_OPTIMIZATION_LEVEL = "-Onone";
				SWIFT_VERSION = 5.0;
				TARGETED_DEVICE_FAMILY = "1,2";
			};
			name = Debug;
		};
		99428A171E7BE02400B765A9 /* Release */ = {
			isa = XCBuildConfiguration;
			buildSettings = {
				ALWAYS_SEARCH_USER_PATHS = NO;
				CLANG_ANALYZER_LOCALIZABILITY_NONLOCALIZED = YES;
				CLANG_ANALYZER_NONNULL = YES;
				CLANG_CXX_LANGUAGE_STANDARD = "gnu++0x";
				CLANG_CXX_LIBRARY = "libc++";
				CLANG_ENABLE_MODULES = YES;
				CLANG_ENABLE_OBJC_ARC = YES;
				CLANG_WARN_BLOCK_CAPTURE_AUTORELEASING = YES;
				CLANG_WARN_BOOL_CONVERSION = YES;
				CLANG_WARN_COMMA = YES;
				CLANG_WARN_CONSTANT_CONVERSION = YES;
				CLANG_WARN_DEPRECATED_OBJC_IMPLEMENTATIONS = YES;
				CLANG_WARN_DIRECT_OBJC_ISA_USAGE = YES_ERROR;
				CLANG_WARN_DOCUMENTATION_COMMENTS = YES;
				CLANG_WARN_EMPTY_BODY = YES;
				CLANG_WARN_ENUM_CONVERSION = YES;
				CLANG_WARN_INFINITE_RECURSION = YES;
				CLANG_WARN_INT_CONVERSION = YES;
				CLANG_WARN_NON_LITERAL_NULL_CONVERSION = YES;
				CLANG_WARN_OBJC_IMPLICIT_RETAIN_SELF = YES;
				CLANG_WARN_OBJC_LITERAL_CONVERSION = YES;
				CLANG_WARN_OBJC_ROOT_CLASS = YES_ERROR;
				CLANG_WARN_RANGE_LOOP_ANALYSIS = YES;
				CLANG_WARN_STRICT_PROTOTYPES = YES;
				CLANG_WARN_SUSPICIOUS_MOVE = YES;
				CLANG_WARN_UNREACHABLE_CODE = YES;
				CLANG_WARN__DUPLICATE_METHOD_MATCH = YES;
				"CODE_SIGN_IDENTITY[sdk=iphoneos*]" = "iPhone Developer";
				COPY_PHASE_STRIP = NO;
				DEBUG_INFORMATION_FORMAT = "dwarf-with-dsym";
				ENABLE_NS_ASSERTIONS = NO;
				ENABLE_STRICT_OBJC_MSGSEND = YES;
				GCC_C_LANGUAGE_STANDARD = gnu99;
				GCC_NO_COMMON_BLOCKS = YES;
				GCC_WARN_64_TO_32_BIT_CONVERSION = YES;
				GCC_WARN_ABOUT_RETURN_TYPE = YES_ERROR;
				GCC_WARN_UNDECLARED_SELECTOR = YES;
				GCC_WARN_UNINITIALIZED_AUTOS = YES_AGGRESSIVE;
				GCC_WARN_UNUSED_FUNCTION = YES;
				GCC_WARN_UNUSED_VARIABLE = YES;
				IPHONEOS_DEPLOYMENT_TARGET = 10.2;
				MTL_ENABLE_DEBUG_INFO = NO;
				SDKROOT = iphoneos;
				SWIFT_OPTIMIZATION_LEVEL = "-Owholemodule";
				SWIFT_VERSION = 5.0;
				TARGETED_DEVICE_FAMILY = "1,2";
				VALIDATE_PRODUCT = YES;
			};
			name = Release;
		};
/* End XCBuildConfiguration section */

/* Begin XCConfigurationList section */
		31CC546A2531A88A0071B42D /* Build configuration list for PBXNativeTarget "YPImagePickerExample" */ = {
			isa = XCConfigurationList;
			buildConfigurations = (
				31CC546B2531A88A0071B42D /* Debug */,
				31CC546C2531A88A0071B42D /* Release */,
			);
			defaultConfigurationIsVisible = 0;
			defaultConfigurationName = Release;
		};
		99428A011E7BE02400B765A9 /* Build configuration list for PBXProject "YPImagePickerExample" */ = {
			isa = XCConfigurationList;
			buildConfigurations = (
				99428A161E7BE02400B765A9 /* Debug */,
				99428A171E7BE02400B765A9 /* Release */,
			);
			defaultConfigurationIsVisible = 0;
			defaultConfigurationName = Release;
		};
/* End XCConfigurationList section */
	};
	rootObject = 994289FE1E7BE02400B765A9 /* Project object */;
}
